
Microsoft Visual Studio Solution File, Format Version 12.00
# Visual Studio Version 16
VisualStudioVersion = 16.0.31702.278
MinimumVisualStudioVersion = 10.0.40219.1
Project("{FAE04EC0-301F-11D3-BF4B-00C04F79EFBC}") = "ConsoleDI", "ConsoleDI\ConsoleDI.csproj", "{71698AE2-54DE-4FB0-B62F-348744D48280}"
EndProject
Project("{FAE04EC0-301F-11D3-BF4B-00C04F79EFBC}") = "ConsoleDI.Data", "ConsoleDI.Data\ConsoleDI.Data.csproj", "{35384B6F-261F-4F4D-A1AC-E011A790D07F}"
EndProject
Global
	GlobalSection(SolutionConfigurationPlatforms) = preSolution
		Debug|Any CPU = Debug|Any CPU
		Release|Any CPU = Release|Any CPU
	EndGlobalSection
	GlobalSection(ProjectConfigurationPlatforms) = postSolution
		{71698AE2-54DE-4FB0-B62F-348744D48280}.Debug|Any CPU.ActiveCfg = Debug|Any CPU
		{71698AE2-54DE-4FB0-B62F-348744D48280}.Debug|Any CPU.Build.0 = Debug|Any CPU
		{71698AE2-54DE-4FB0-B62F-348744D48280}.Release|Any CPU.ActiveCfg = Release|Any CPU
		{71698AE2-54DE-4FB0-B62F-348744D48280}.Release|Any CPU.Build.0 = Release|Any CPU
		{35384B6F-261F-4F4D-A1AC-E011A790D07F}.Debug|Any CPU.ActiveCfg = Debug|Any CPU
		{35384B6F-261F-4F4D-A1AC-E011A790D07F}.Debug|Any CPU.Build.0 = Debug|Any CPU
		{35384B6F-261F-4F4D-A1AC-E011A790D07F}.Release|Any CPU.ActiveCfg = Release|Any CPU
		{35384B6F-261F-4F4D-A1AC-E011A790D07F}.Release|Any CPU.Build.0 = Release|Any CPU
	EndGlobalSection
	GlobalSection(SolutionProperties) = preSolution
		HideSolutionNode = FALSE
	EndGlobalSection
	GlobalSection(ExtensibilityGlobals) = postSolution
		SolutionGuid = {7495B8E0-2194-46D0-BBFB-F8D96981FA34}
	EndGlobalSection
EndGlobal
